// !$*UTF8*$!
{
	archiveVersion = 1;
	classes = {
	};
	objectVersion = 50;
	objects = {

/* Begin PBXBuildFile section */
		C4B6869D262FAF3D00EBFA47 /* AppDelegate.swift in Sources */ = {isa = PBXBuildFile; fileRef = C4B6869C262FAF3D00EBFA47 /* AppDelegate.swift */; };
		C4B6869F262FAF3D00EBFA47 /* SceneDelegate.swift in Sources */ = {isa = PBXBuildFile; fileRef = C4B6869E262FAF3D00EBFA47 /* SceneDelegate.swift */; };
		C4B686A1262FAF3D00EBFA47 /* ViewController.swift in Sources */ = {isa = PBXBuildFile; fileRef = C4B686A0262FAF3D00EBFA47 /* ViewController.swift */; };
		C4B686A4262FAF3D00EBFA47 /* Main.storyboard in Resources */ = {isa = PBXBuildFile; fileRef = C4B686A2262FAF3D00EBFA47 /* Main.storyboard */; };
		C4B686A6262FAF5D00EBFA47 /* Assets.xcassets in Resources */ = {isa = PBXBuildFile; fileRef = C4B686A5262FAF5D00EBFA47 /* Assets.xcassets */; };
		C4B686A9262FAF5D00EBFA47 /* LaunchScreen.storyboard in Resources */ = {isa = PBXBuildFile; fileRef = C4B686A7262FAF5D00EBFA47 /* LaunchScreen.storyboard */; };
		C4B686B8262FD11800EBFA47 /* AppDelegate.swift in Sources */ = {isa = PBXBuildFile; fileRef = C4B686B7262FD11800EBFA47 /* AppDelegate.swift */; };
		C4B686BA262FD11800EBFA47 /* SceneDelegate.swift in Sources */ = {isa = PBXBuildFile; fileRef = C4B686B9262FD11800EBFA47 /* SceneDelegate.swift */; };
		C4B686BC262FD11800EBFA47 /* ViewController.swift in Sources */ = {isa = PBXBuildFile; fileRef = C4B686BB262FD11800EBFA47 /* ViewController.swift */; };
		C4B686BF262FD11800EBFA47 /* Main.storyboard in Resources */ = {isa = PBXBuildFile; fileRef = C4B686BD262FD11800EBFA47 /* Main.storyboard */; };
		C4B686C1262FD12800EBFA47 /* Assets.xcassets in Resources */ = {isa = PBXBuildFile; fileRef = C4B686C0262FD12800EBFA47 /* Assets.xcassets */; };
		C4B686C4262FD12800EBFA47 /* LaunchScreen.storyboard in Resources */ = {isa = PBXBuildFile; fileRef = C4B686C2262FD12800EBFA47 /* LaunchScreen.storyboard */; };
		C4B686D22630162A00EBFA47 /* AppDelegate.swift in Sources */ = {isa = PBXBuildFile; fileRef = C4B686D12630162A00EBFA47 /* AppDelegate.swift */; };
		C4B686D42630162A00EBFA47 /* SceneDelegate.swift in Sources */ = {isa = PBXBuildFile; fileRef = C4B686D32630162A00EBFA47 /* SceneDelegate.swift */; };
		C4B686D62630162A00EBFA47 /* ViewController.swift in Sources */ = {isa = PBXBuildFile; fileRef = C4B686D52630162A00EBFA47 /* ViewController.swift */; };
		C4B686D92630162A00EBFA47 /* Main.storyboard in Resources */ = {isa = PBXBuildFile; fileRef = C4B686D72630162A00EBFA47 /* Main.storyboard */; };
		C4B686DB2630163000EBFA47 /* Assets.xcassets in Resources */ = {isa = PBXBuildFile; fileRef = C4B686DA2630163000EBFA47 /* Assets.xcassets */; };
		C4B686DE2630163000EBFA47 /* LaunchScreen.storyboard in Resources */ = {isa = PBXBuildFile; fileRef = C4B686DC2630163000EBFA47 /* LaunchScreen.storyboard */; };
		C4B686ED263100CE00EBFA47 /* AppDelegate.swift in Sources */ = {isa = PBXBuildFile; fileRef = C4B686EC263100CE00EBFA47 /* AppDelegate.swift */; };
		C4B686EF263100CE00EBFA47 /* SceneDelegate.swift in Sources */ = {isa = PBXBuildFile; fileRef = C4B686EE263100CE00EBFA47 /* SceneDelegate.swift */; };
		C4B686F1263100CE00EBFA47 /* ViewController.swift in Sources */ = {isa = PBXBuildFile; fileRef = C4B686F0263100CE00EBFA47 /* ViewController.swift */; };
		C4B686F4263100CE00EBFA47 /* Main.storyboard in Resources */ = {isa = PBXBuildFile; fileRef = C4B686F2263100CE00EBFA47 /* Main.storyboard */; };
		C4B686F6263100EB00EBFA47 /* Assets.xcassets in Resources */ = {isa = PBXBuildFile; fileRef = C4B686F5263100EB00EBFA47 /* Assets.xcassets */; };
		C4B686F9263100EB00EBFA47 /* LaunchScreen.storyboard in Resources */ = {isa = PBXBuildFile; fileRef = C4B686F7263100EB00EBFA47 /* LaunchScreen.storyboard */; };
		C4B68709263111DD00EBFA47 /* AppDelegate.swift in Sources */ = {isa = PBXBuildFile; fileRef = C4B68708263111DD00EBFA47 /* AppDelegate.swift */; };
		C4B6870B263111DD00EBFA47 /* SceneDelegate.swift in Sources */ = {isa = PBXBuildFile; fileRef = C4B6870A263111DD00EBFA47 /* SceneDelegate.swift */; };
		C4B6870D263111DD00EBFA47 /* ViewController.swift in Sources */ = {isa = PBXBuildFile; fileRef = C4B6870C263111DD00EBFA47 /* ViewController.swift */; };
		C4B68710263111DD00EBFA47 /* Main.storyboard in Resources */ = {isa = PBXBuildFile; fileRef = C4B6870E263111DD00EBFA47 /* Main.storyboard */; };
		C4B68712263111F100EBFA47 /* Assets.xcassets in Resources */ = {isa = PBXBuildFile; fileRef = C4B68711263111F100EBFA47 /* Assets.xcassets */; };
		C4B68715263111F100EBFA47 /* LaunchScreen.storyboard in Resources */ = {isa = PBXBuildFile; fileRef = C4B68713263111F100EBFA47 /* LaunchScreen.storyboard */; };
		C4B6872626311F4E00EBFA47 /* AppDelegate.swift in Sources */ = {isa = PBXBuildFile; fileRef = C4B6872526311F4E00EBFA47 /* AppDelegate.swift */; };
		C4B6872826311F4E00EBFA47 /* SceneDelegate.swift in Sources */ = {isa = PBXBuildFile; fileRef = C4B6872726311F4E00EBFA47 /* SceneDelegate.swift */; };
		C4B6872A26311F4E00EBFA47 /* ViewController.swift in Sources */ = {isa = PBXBuildFile; fileRef = C4B6872926311F4E00EBFA47 /* ViewController.swift */; };
		C4B6872D26311F4E00EBFA47 /* Main.storyboard in Resources */ = {isa = PBXBuildFile; fileRef = C4B6872B26311F4E00EBFA47 /* Main.storyboard */; };
		C4B6872F26311F5D00EBFA47 /* Assets.xcassets in Resources */ = {isa = PBXBuildFile; fileRef = C4B6872E26311F5D00EBFA47 /* Assets.xcassets */; };
		C4B6873226311F5D00EBFA47 /* LaunchScreen.storyboard in Resources */ = {isa = PBXBuildFile; fileRef = C4B6873026311F5D00EBFA47 /* LaunchScreen.storyboard */; };
		C4B6874426312CA300EBFA47 /* AppDelegate.swift in Sources */ = {isa = PBXBuildFile; fileRef = C4B6874326312CA300EBFA47 /* AppDelegate.swift */; };
		C4B6874626312CA300EBFA47 /* SceneDelegate.swift in Sources */ = {isa = PBXBuildFile; fileRef = C4B6874526312CA300EBFA47 /* SceneDelegate.swift */; };
		C4B6874826312CA300EBFA47 /* ViewController.swift in Sources */ = {isa = PBXBuildFile; fileRef = C4B6874726312CA300EBFA47 /* ViewController.swift */; };
		C4B6874B26312CA300EBFA47 /* Main.storyboard in Resources */ = {isa = PBXBuildFile; fileRef = C4B6874926312CA300EBFA47 /* Main.storyboard */; };
		C4B6874D26312CBD00EBFA47 /* Assets.xcassets in Resources */ = {isa = PBXBuildFile; fileRef = C4B6874C26312CBD00EBFA47 /* Assets.xcassets */; };
		C4B6875026312CBD00EBFA47 /* LaunchScreen.storyboard in Resources */ = {isa = PBXBuildFile; fileRef = C4B6874E26312CBD00EBFA47 /* LaunchScreen.storyboard */; };
		C4B687632631537100EBFA47 /* AppDelegate.swift in Sources */ = {isa = PBXBuildFile; fileRef = C4B687622631537100EBFA47 /* AppDelegate.swift */; };
		C4B687652631537100EBFA47 /* SceneDelegate.swift in Sources */ = {isa = PBXBuildFile; fileRef = C4B687642631537100EBFA47 /* SceneDelegate.swift */; };
		C4B687672631537100EBFA47 /* ViewController.swift in Sources */ = {isa = PBXBuildFile; fileRef = C4B687662631537100EBFA47 /* ViewController.swift */; };
		C4B6876A2631537100EBFA47 /* Main.storyboard in Resources */ = {isa = PBXBuildFile; fileRef = C4B687682631537100EBFA47 /* Main.storyboard */; };
		C4B6876C2631538A00EBFA47 /* Assets.xcassets in Resources */ = {isa = PBXBuildFile; fileRef = C4B6876B2631538A00EBFA47 /* Assets.xcassets */; };
		C4B6876F2631538A00EBFA47 /* LaunchScreen.storyboard in Resources */ = {isa = PBXBuildFile; fileRef = C4B6876D2631538A00EBFA47 /* LaunchScreen.storyboard */; };
/* End PBXBuildFile section */

/* Begin PBXFileReference section */
		C4B68699262FAF3D00EBFA47 /* iOSProject.app */ = {isa = PBXFileReference; explicitFileType = wrapper.application; includeInIndex = 0; path = iOSProject.app; sourceTree = BUILT_PRODUCTS_DIR; };
		C4B6869C262FAF3D00EBFA47 /* AppDelegate.swift */ = {isa = PBXFileReference; lastKnownFileType = sourcecode.swift; path = AppDelegate.swift; sourceTree = "<group>"; };
		C4B6869E262FAF3D00EBFA47 /* SceneDelegate.swift */ = {isa = PBXFileReference; lastKnownFileType = sourcecode.swift; path = SceneDelegate.swift; sourceTree = "<group>"; };
		C4B686A0262FAF3D00EBFA47 /* ViewController.swift */ = {isa = PBXFileReference; lastKnownFileType = sourcecode.swift; path = ViewController.swift; sourceTree = "<group>"; };
		C4B686A3262FAF3D00EBFA47 /* Base */ = {isa = PBXFileReference; lastKnownFileType = file.storyboard; name = Base; path = Base.lproj/Main.storyboard; sourceTree = "<group>"; };
		C4B686A5262FAF5D00EBFA47 /* Assets.xcassets */ = {isa = PBXFileReference; lastKnownFileType = folder.assetcatalog; path = Assets.xcassets; sourceTree = "<group>"; };
		C4B686A8262FAF5D00EBFA47 /* Base */ = {isa = PBXFileReference; lastKnownFileType = file.storyboard; name = Base; path = Base.lproj/LaunchScreen.storyboard; sourceTree = "<group>"; };
		C4B686AA262FAF5D00EBFA47 /* Info.plist */ = {isa = PBXFileReference; lastKnownFileType = text.plist.xml; path = Info.plist; sourceTree = "<group>"; };
		C4B686B5262FD11800EBFA47 /* controltest.app */ = {isa = PBXFileReference; explicitFileType = wrapper.application; includeInIndex = 0; path = controltest.app; sourceTree = BUILT_PRODUCTS_DIR; };
		C4B686B7262FD11800EBFA47 /* AppDelegate.swift */ = {isa = PBXFileReference; lastKnownFileType = sourcecode.swift; path = AppDelegate.swift; sourceTree = "<group>"; };
		C4B686B9262FD11800EBFA47 /* SceneDelegate.swift */ = {isa = PBXFileReference; lastKnownFileType = sourcecode.swift; path = SceneDelegate.swift; sourceTree = "<group>"; };
		C4B686BB262FD11800EBFA47 /* ViewController.swift */ = {isa = PBXFileReference; lastKnownFileType = sourcecode.swift; path = ViewController.swift; sourceTree = "<group>"; };
		C4B686BE262FD11800EBFA47 /* Base */ = {isa = PBXFileReference; lastKnownFileType = file.storyboard; name = Base; path = Base.lproj/Main.storyboard; sourceTree = "<group>"; };
		C4B686C0262FD12800EBFA47 /* Assets.xcassets */ = {isa = PBXFileReference; lastKnownFileType = folder.assetcatalog; path = Assets.xcassets; sourceTree = "<group>"; };
		C4B686C3262FD12800EBFA47 /* Base */ = {isa = PBXFileReference; lastKnownFileType = file.storyboard; name = Base; path = Base.lproj/LaunchScreen.storyboard; sourceTree = "<group>"; };
		C4B686C5262FD12800EBFA47 /* Info.plist */ = {isa = PBXFileReference; lastKnownFileType = text.plist.xml; path = Info.plist; sourceTree = "<group>"; };
		C4B686CF2630162A00EBFA47 /* ImageViewAnimation.app */ = {isa = PBXFileReference; explicitFileType = wrapper.application; includeInIndex = 0; path = ImageViewAnimation.app; sourceTree = BUILT_PRODUCTS_DIR; };
		C4B686D12630162A00EBFA47 /* AppDelegate.swift */ = {isa = PBXFileReference; lastKnownFileType = sourcecode.swift; path = AppDelegate.swift; sourceTree = "<group>"; };
		C4B686D32630162A00EBFA47 /* SceneDelegate.swift */ = {isa = PBXFileReference; lastKnownFileType = sourcecode.swift; path = SceneDelegate.swift; sourceTree = "<group>"; };
		C4B686D52630162A00EBFA47 /* ViewController.swift */ = {isa = PBXFileReference; lastKnownFileType = sourcecode.swift; path = ViewController.swift; sourceTree = "<group>"; };
		C4B686D82630162A00EBFA47 /* Base */ = {isa = PBXFileReference; lastKnownFileType = file.storyboard; name = Base; path = Base.lproj/Main.storyboard; sourceTree = "<group>"; };
		C4B686DA2630163000EBFA47 /* Assets.xcassets */ = {isa = PBXFileReference; lastKnownFileType = folder.assetcatalog; path = Assets.xcassets; sourceTree = "<group>"; };
		C4B686DD2630163000EBFA47 /* Base */ = {isa = PBXFileReference; lastKnownFileType = file.storyboard; name = Base; path = Base.lproj/LaunchScreen.storyboard; sourceTree = "<group>"; };
		C4B686DF2630163000EBFA47 /* Info.plist */ = {isa = PBXFileReference; lastKnownFileType = text.plist.xml; path = Info.plist; sourceTree = "<group>"; };
		C4B686EA263100CE00EBFA47 /* gesture.app */ = {isa = PBXFileReference; explicitFileType = wrapper.application; includeInIndex = 0; path = gesture.app; sourceTree = BUILT_PRODUCTS_DIR; };
		C4B686EC263100CE00EBFA47 /* AppDelegate.swift */ = {isa = PBXFileReference; lastKnownFileType = sourcecode.swift; path = AppDelegate.swift; sourceTree = "<group>"; };
		C4B686EE263100CE00EBFA47 /* SceneDelegate.swift */ = {isa = PBXFileReference; lastKnownFileType = sourcecode.swift; path = SceneDelegate.swift; sourceTree = "<group>"; };
		C4B686F0263100CE00EBFA47 /* ViewController.swift */ = {isa = PBXFileReference; lastKnownFileType = sourcecode.swift; path = ViewController.swift; sourceTree = "<group>"; };
		C4B686F3263100CE00EBFA47 /* Base */ = {isa = PBXFileReference; lastKnownFileType = file.storyboard; name = Base; path = Base.lproj/Main.storyboard; sourceTree = "<group>"; };
		C4B686F5263100EB00EBFA47 /* Assets.xcassets */ = {isa = PBXFileReference; lastKnownFileType = folder.assetcatalog; path = Assets.xcassets; sourceTree = "<group>"; };
		C4B686F8263100EB00EBFA47 /* Base */ = {isa = PBXFileReference; lastKnownFileType = file.storyboard; name = Base; path = Base.lproj/LaunchScreen.storyboard; sourceTree = "<group>"; };
		C4B686FA263100EB00EBFA47 /* Info.plist */ = {isa = PBXFileReference; lastKnownFileType = text.plist.xml; path = Info.plist; sourceTree = "<group>"; };
		C4B68706263111DD00EBFA47 /* scrollView.app */ = {isa = PBXFileReference; explicitFileType = wrapper.application; includeInIndex = 0; path = scrollView.app; sourceTree = BUILT_PRODUCTS_DIR; };
		C4B68708263111DD00EBFA47 /* AppDelegate.swift */ = {isa = PBXFileReference; lastKnownFileType = sourcecode.swift; path = AppDelegate.swift; sourceTree = "<group>"; };
		C4B6870A263111DD00EBFA47 /* SceneDelegate.swift */ = {isa = PBXFileReference; lastKnownFileType = sourcecode.swift; path = SceneDelegate.swift; sourceTree = "<group>"; };
		C4B6870C263111DD00EBFA47 /* ViewController.swift */ = {isa = PBXFileReference; lastKnownFileType = sourcecode.swift; path = ViewController.swift; sourceTree = "<group>"; };
		C4B6870F263111DD00EBFA47 /* Base */ = {isa = PBXFileReference; lastKnownFileType = file.storyboard; name = Base; path = Base.lproj/Main.storyboard; sourceTree = "<group>"; };
		C4B68711263111F100EBFA47 /* Assets.xcassets */ = {isa = PBXFileReference; lastKnownFileType = folder.assetcatalog; path = Assets.xcassets; sourceTree = "<group>"; };
		C4B68714263111F100EBFA47 /* Base */ = {isa = PBXFileReference; lastKnownFileType = file.storyboard; name = Base; path = Base.lproj/LaunchScreen.storyboard; sourceTree = "<group>"; };
		C4B68716263111F100EBFA47 /* Info.plist */ = {isa = PBXFileReference; lastKnownFileType = text.plist.xml; path = Info.plist; sourceTree = "<group>"; };
		C4B6872326311F4E00EBFA47 /* imageSwipe.app */ = {isa = PBXFileReference; explicitFileType = wrapper.application; includeInIndex = 0; path = imageSwipe.app; sourceTree = BUILT_PRODUCTS_DIR; };
		C4B6872526311F4E00EBFA47 /* AppDelegate.swift */ = {isa = PBXFileReference; lastKnownFileType = sourcecode.swift; path = AppDelegate.swift; sourceTree = "<group>"; };
		C4B6872726311F4E00EBFA47 /* SceneDelegate.swift */ = {isa = PBXFileReference; lastKnownFileType = sourcecode.swift; path = SceneDelegate.swift; sourceTree = "<group>"; };
		C4B6872926311F4E00EBFA47 /* ViewController.swift */ = {isa = PBXFileReference; lastKnownFileType = sourcecode.swift; path = ViewController.swift; sourceTree = "<group>"; };
		C4B6872C26311F4E00EBFA47 /* Base */ = {isa = PBXFileReference; lastKnownFileType = file.storyboard; name = Base; path = Base.lproj/Main.storyboard; sourceTree = "<group>"; };
		C4B6872E26311F5D00EBFA47 /* Assets.xcassets */ = {isa = PBXFileReference; lastKnownFileType = folder.assetcatalog; path = Assets.xcassets; sourceTree = "<group>"; };
		C4B6873126311F5D00EBFA47 /* Base */ = {isa = PBXFileReference; lastKnownFileType = file.storyboard; name = Base; path = Base.lproj/LaunchScreen.storyboard; sourceTree = "<group>"; };
		C4B6873326311F5D00EBFA47 /* Info.plist */ = {isa = PBXFileReference; lastKnownFileType = text.plist.xml; path = Info.plist; sourceTree = "<group>"; };
		C4B6874126312CA300EBFA47 /* pickerView.app */ = {isa = PBXFileReference; explicitFileType = wrapper.application; includeInIndex = 0; path = pickerView.app; sourceTree = BUILT_PRODUCTS_DIR; };
		C4B6874326312CA300EBFA47 /* AppDelegate.swift */ = {isa = PBXFileReference; lastKnownFileType = sourcecode.swift; path = AppDelegate.swift; sourceTree = "<group>"; };
		C4B6874526312CA300EBFA47 /* SceneDelegate.swift */ = {isa = PBXFileReference; lastKnownFileType = sourcecode.swift; path = SceneDelegate.swift; sourceTree = "<group>"; };
		C4B6874726312CA300EBFA47 /* ViewController.swift */ = {isa = PBXFileReference; lastKnownFileType = sourcecode.swift; path = ViewController.swift; sourceTree = "<group>"; };
		C4B6874A26312CA300EBFA47 /* Base */ = {isa = PBXFileReference; lastKnownFileType = file.storyboard; name = Base; path = Base.lproj/Main.storyboard; sourceTree = "<group>"; };
		C4B6874C26312CBD00EBFA47 /* Assets.xcassets */ = {isa = PBXFileReference; lastKnownFileType = folder.assetcatalog; path = Assets.xcassets; sourceTree = "<group>"; };
		C4B6874F26312CBD00EBFA47 /* Base */ = {isa = PBXFileReference; lastKnownFileType = file.storyboard; name = Base; path = Base.lproj/LaunchScreen.storyboard; sourceTree = "<group>"; };
		C4B6875126312CBD00EBFA47 /* Info.plist */ = {isa = PBXFileReference; lastKnownFileType = text.plist.xml; path = Info.plist; sourceTree = "<group>"; };
		C4B687602631537100EBFA47 /* notification.app */ = {isa = PBXFileReference; explicitFileType = wrapper.application; includeInIndex = 0; path = notification.app; sourceTree = BUILT_PRODUCTS_DIR; };
		C4B687622631537100EBFA47 /* AppDelegate.swift */ = {isa = PBXFileReference; lastKnownFileType = sourcecode.swift; path = AppDelegate.swift; sourceTree = "<group>"; };
		C4B687642631537100EBFA47 /* SceneDelegate.swift */ = {isa = PBXFileReference; lastKnownFileType = sourcecode.swift; path = SceneDelegate.swift; sourceTree = "<group>"; };
		C4B687662631537100EBFA47 /* ViewController.swift */ = {isa = PBXFileReference; lastKnownFileType = sourcecode.swift; path = ViewController.swift; sourceTree = "<group>"; };
		C4B687692631537100EBFA47 /* Base */ = {isa = PBXFileReference; lastKnownFileType = file.storyboard; name = Base; path = Base.lproj/Main.storyboard; sourceTree = "<group>"; };
		C4B6876B2631538A00EBFA47 /* Assets.xcassets */ = {isa = PBXFileReference; lastKnownFileType = folder.assetcatalog; path = Assets.xcassets; sourceTree = "<group>"; };
		C4B6876E2631538A00EBFA47 /* Base */ = {isa = PBXFileReference; lastKnownFileType = file.storyboard; name = Base; path = Base.lproj/LaunchScreen.storyboard; sourceTree = "<group>"; };
		C4B687702631538A00EBFA47 /* Info.plist */ = {isa = PBXFileReference; lastKnownFileType = text.plist.xml; path = Info.plist; sourceTree = "<group>"; };
/* End PBXFileReference section */

/* Begin PBXFrameworksBuildPhase section */
		C4B68696262FAF3D00EBFA47 /* Frameworks */ = {
			isa = PBXFrameworksBuildPhase;
			buildActionMask = 2147483647;
			files = (
			);
			runOnlyForDeploymentPostprocessing = 0;
		};
		C4B686B2262FD11800EBFA47 /* Frameworks */ = {
			isa = PBXFrameworksBuildPhase;
			buildActionMask = 2147483647;
			files = (
			);
			runOnlyForDeploymentPostprocessing = 0;
		};
		C4B686CC2630162A00EBFA47 /* Frameworks */ = {
			isa = PBXFrameworksBuildPhase;
			buildActionMask = 2147483647;
			files = (
			);
			runOnlyForDeploymentPostprocessing = 0;
		};
		C4B686E7263100CE00EBFA47 /* Frameworks */ = {
			isa = PBXFrameworksBuildPhase;
			buildActionMask = 2147483647;
			files = (
			);
			runOnlyForDeploymentPostprocessing = 0;
		};
		C4B68703263111DD00EBFA47 /* Frameworks */ = {
			isa = PBXFrameworksBuildPhase;
			buildActionMask = 2147483647;
			files = (
			);
			runOnlyForDeploymentPostprocessing = 0;
		};
		C4B6872026311F4E00EBFA47 /* Frameworks */ = {
			isa = PBXFrameworksBuildPhase;
			buildActionMask = 2147483647;
			files = (
			);
			runOnlyForDeploymentPostprocessing = 0;
		};
		C4B6873E26312CA300EBFA47 /* Frameworks */ = {
			isa = PBXFrameworksBuildPhase;
			buildActionMask = 2147483647;
			files = (
			);
			runOnlyForDeploymentPostprocessing = 0;
		};
		C4B6875D2631537100EBFA47 /* Frameworks */ = {
			isa = PBXFrameworksBuildPhase;
			buildActionMask = 2147483647;
			files = (
			);
			runOnlyForDeploymentPostprocessing = 0;
		};
/* End PBXFrameworksBuildPhase section */

/* Begin PBXGroup section */
		C4B68690262FAF3D00EBFA47 = {
			isa = PBXGroup;
			children = (
				C4B6869B262FAF3D00EBFA47 /* iOSProject */,
				C4B686B6262FD11800EBFA47 /* controltest */,
				C4B686D02630162A00EBFA47 /* ImageViewAnimation */,
				C4B686EB263100CE00EBFA47 /* gesture */,
				C4B68707263111DD00EBFA47 /* scrollView */,
				C4B6872426311F4E00EBFA47 /* imageSwipe */,
				C4B6874226312CA300EBFA47 /* pickerView */,
				C4B687612631537100EBFA47 /* notification */,
				C4B6869A262FAF3D00EBFA47 /* Products */,
			);
			sourceTree = "<group>";
		};
		C4B6869A262FAF3D00EBFA47 /* Products */ = {
			isa = PBXGroup;
			children = (
				C4B68699262FAF3D00EBFA47 /* iOSProject.app */,
				C4B686B5262FD11800EBFA47 /* controltest.app */,
				C4B686CF2630162A00EBFA47 /* ImageViewAnimation.app */,
				C4B686EA263100CE00EBFA47 /* gesture.app */,
				C4B68706263111DD00EBFA47 /* scrollView.app */,
				C4B6872326311F4E00EBFA47 /* imageSwipe.app */,
				C4B6874126312CA300EBFA47 /* pickerView.app */,
				C4B687602631537100EBFA47 /* notification.app */,
			);
			name = Products;
			sourceTree = "<group>";
		};
		C4B6869B262FAF3D00EBFA47 /* iOSProject */ = {
			isa = PBXGroup;
			children = (
				C4B6869C262FAF3D00EBFA47 /* AppDelegate.swift */,
				C4B6869E262FAF3D00EBFA47 /* SceneDelegate.swift */,
				C4B686A0262FAF3D00EBFA47 /* ViewController.swift */,
				C4B686A2262FAF3D00EBFA47 /* Main.storyboard */,
				C4B686A5262FAF5D00EBFA47 /* Assets.xcassets */,
				C4B686A7262FAF5D00EBFA47 /* LaunchScreen.storyboard */,
				C4B686AA262FAF5D00EBFA47 /* Info.plist */,
			);
			path = iOSProject;
			sourceTree = "<group>";
		};
		C4B686B6262FD11800EBFA47 /* controltest */ = {
			isa = PBXGroup;
			children = (
				C4B686B7262FD11800EBFA47 /* AppDelegate.swift */,
				C4B686B9262FD11800EBFA47 /* SceneDelegate.swift */,
				C4B686BB262FD11800EBFA47 /* ViewController.swift */,
				C4B686BD262FD11800EBFA47 /* Main.storyboard */,
				C4B686C0262FD12800EBFA47 /* Assets.xcassets */,
				C4B686C2262FD12800EBFA47 /* LaunchScreen.storyboard */,
				C4B686C5262FD12800EBFA47 /* Info.plist */,
			);
			path = controltest;
			sourceTree = "<group>";
		};
		C4B686D02630162A00EBFA47 /* ImageViewAnimation */ = {
			isa = PBXGroup;
			children = (
				C4B686D12630162A00EBFA47 /* AppDelegate.swift */,
				C4B686D32630162A00EBFA47 /* SceneDelegate.swift */,
				C4B686D52630162A00EBFA47 /* ViewController.swift */,
				C4B686D72630162A00EBFA47 /* Main.storyboard */,
				C4B686DA2630163000EBFA47 /* Assets.xcassets */,
				C4B686DC2630163000EBFA47 /* LaunchScreen.storyboard */,
				C4B686DF2630163000EBFA47 /* Info.plist */,
			);
			path = ImageViewAnimation;
			sourceTree = "<group>";
		};
		C4B686EB263100CE00EBFA47 /* gesture */ = {
			isa = PBXGroup;
			children = (
				C4B686EC263100CE00EBFA47 /* AppDelegate.swift */,
				C4B686EE263100CE00EBFA47 /* SceneDelegate.swift */,
				C4B686F0263100CE00EBFA47 /* ViewController.swift */,
				C4B686F2263100CE00EBFA47 /* Main.storyboard */,
				C4B686F5263100EB00EBFA47 /* Assets.xcassets */,
				C4B686F7263100EB00EBFA47 /* LaunchScreen.storyboard */,
				C4B686FA263100EB00EBFA47 /* Info.plist */,
			);
			path = gesture;
			sourceTree = "<group>";
		};
		C4B68707263111DD00EBFA47 /* scrollView */ = {
			isa = PBXGroup;
			children = (
				C4B68708263111DD00EBFA47 /* AppDelegate.swift */,
				C4B6870A263111DD00EBFA47 /* SceneDelegate.swift */,
				C4B6870C263111DD00EBFA47 /* ViewController.swift */,
				C4B6870E263111DD00EBFA47 /* Main.storyboard */,
				C4B68711263111F100EBFA47 /* Assets.xcassets */,
				C4B68713263111F100EBFA47 /* LaunchScreen.storyboard */,
				C4B68716263111F100EBFA47 /* Info.plist */,
			);
			path = scrollView;
			sourceTree = "<group>";
		};
		C4B6872426311F4E00EBFA47 /* imageSwipe */ = {
			isa = PBXGroup;
			children = (
				C4B6872526311F4E00EBFA47 /* AppDelegate.swift */,
				C4B6872726311F4E00EBFA47 /* SceneDelegate.swift */,
				C4B6872926311F4E00EBFA47 /* ViewController.swift */,
				C4B6872B26311F4E00EBFA47 /* Main.storyboard */,
				C4B6872E26311F5D00EBFA47 /* Assets.xcassets */,
				C4B6873026311F5D00EBFA47 /* LaunchScreen.storyboard */,
				C4B6873326311F5D00EBFA47 /* Info.plist */,
			);
			path = imageSwipe;
			sourceTree = "<group>";
		};
		C4B6874226312CA300EBFA47 /* pickerView */ = {
			isa = PBXGroup;
			children = (
				C4B6874326312CA300EBFA47 /* AppDelegate.swift */,
				C4B6874526312CA300EBFA47 /* SceneDelegate.swift */,
				C4B6874726312CA300EBFA47 /* ViewController.swift */,
				C4B6874926312CA300EBFA47 /* Main.storyboard */,
				C4B6874C26312CBD00EBFA47 /* Assets.xcassets */,
				C4B6874E26312CBD00EBFA47 /* LaunchScreen.storyboard */,
				C4B6875126312CBD00EBFA47 /* Info.plist */,
			);
			path = pickerView;
			sourceTree = "<group>";
		};
		C4B687612631537100EBFA47 /* notification */ = {
			isa = PBXGroup;
			children = (
				C4B687622631537100EBFA47 /* AppDelegate.swift */,
				C4B687642631537100EBFA47 /* SceneDelegate.swift */,
				C4B687662631537100EBFA47 /* ViewController.swift */,
				C4B687682631537100EBFA47 /* Main.storyboard */,
				C4B6876B2631538A00EBFA47 /* Assets.xcassets */,
				C4B6876D2631538A00EBFA47 /* LaunchScreen.storyboard */,
				C4B687702631538A00EBFA47 /* Info.plist */,
			);
			path = notification;
			sourceTree = "<group>";
		};
/* End PBXGroup section */

/* Begin PBXNativeTarget section */
		C4B68698262FAF3D00EBFA47 /* iOSProject */ = {
			isa = PBXNativeTarget;
			buildConfigurationList = C4B686AD262FAF5D00EBFA47 /* Build configuration list for PBXNativeTarget "iOSProject" */;
			buildPhases = (
				C4B68695262FAF3D00EBFA47 /* Sources */,
				C4B68696262FAF3D00EBFA47 /* Frameworks */,
				C4B68697262FAF3D00EBFA47 /* Resources */,
			);
			buildRules = (
			);
			dependencies = (
			);
			name = iOSProject;
			productName = iOSProject;
			productReference = C4B68699262FAF3D00EBFA47 /* iOSProject.app */;
			productType = "com.apple.product-type.application";
		};
		C4B686B4262FD11800EBFA47 /* controltest */ = {
			isa = PBXNativeTarget;
			buildConfigurationList = C4B686C6262FD12900EBFA47 /* Build configuration list for PBXNativeTarget "controltest" */;
			buildPhases = (
				C4B686B1262FD11800EBFA47 /* Sources */,
				C4B686B2262FD11800EBFA47 /* Frameworks */,
				C4B686B3262FD11800EBFA47 /* Resources */,
			);
			buildRules = (
			);
			dependencies = (
			);
			name = controltest;
			productName = controltest;
			productReference = C4B686B5262FD11800EBFA47 /* controltest.app */;
			productType = "com.apple.product-type.application";
		};
		C4B686CE2630162A00EBFA47 /* ImageViewAnimation */ = {
			isa = PBXNativeTarget;
			buildConfigurationList = C4B686E02630163000EBFA47 /* Build configuration list for PBXNativeTarget "ImageViewAnimation" */;
			buildPhases = (
				C4B686CB2630162A00EBFA47 /* Sources */,
				C4B686CC2630162A00EBFA47 /* Frameworks */,
				C4B686CD2630162A00EBFA47 /* Resources */,
			);
			buildRules = (
			);
			dependencies = (
			);
			name = ImageViewAnimation;
			productName = ImageViewAnimation;
			productReference = C4B686CF2630162A00EBFA47 /* ImageViewAnimation.app */;
			productType = "com.apple.product-type.application";
		};
		C4B686E9263100CE00EBFA47 /* gesture */ = {
			isa = PBXNativeTarget;
			buildConfigurationList = C4B686FB263100EB00EBFA47 /* Build configuration list for PBXNativeTarget "gesture" */;
			buildPhases = (
				C4B686E6263100CE00EBFA47 /* Sources */,
				C4B686E7263100CE00EBFA47 /* Frameworks */,
				C4B686E8263100CE00EBFA47 /* Resources */,
			);
			buildRules = (
			);
			dependencies = (
			);
			name = gesture;
			productName = gesture;
			productReference = C4B686EA263100CE00EBFA47 /* gesture.app */;
			productType = "com.apple.product-type.application";
		};
		C4B68705263111DD00EBFA47 /* scrollView */ = {
			isa = PBXNativeTarget;
			buildConfigurationList = C4B68717263111F100EBFA47 /* Build configuration list for PBXNativeTarget "scrollView" */;
			buildPhases = (
				C4B68702263111DD00EBFA47 /* Sources */,
				C4B68703263111DD00EBFA47 /* Frameworks */,
				C4B68704263111DD00EBFA47 /* Resources */,
			);
			buildRules = (
			);
			dependencies = (
			);
			name = scrollView;
			productName = scrollView;
			productReference = C4B68706263111DD00EBFA47 /* scrollView.app */;
			productType = "com.apple.product-type.application";
		};
		C4B6872226311F4E00EBFA47 /* imageSwipe */ = {
			isa = PBXNativeTarget;
			buildConfigurationList = C4B6873426311F5D00EBFA47 /* Build configuration list for PBXNativeTarget "imageSwipe" */;
			buildPhases = (
				C4B6871F26311F4E00EBFA47 /* Sources */,
				C4B6872026311F4E00EBFA47 /* Frameworks */,
				C4B6872126311F4E00EBFA47 /* Resources */,
			);
			buildRules = (
			);
			dependencies = (
			);
			name = imageSwipe;
			productName = imageSwipe;
			productReference = C4B6872326311F4E00EBFA47 /* imageSwipe.app */;
			productType = "com.apple.product-type.application";
		};
		C4B6874026312CA300EBFA47 /* pickerView */ = {
			isa = PBXNativeTarget;
			buildConfigurationList = C4B6875226312CBD00EBFA47 /* Build configuration list for PBXNativeTarget "pickerView" */;
			buildPhases = (
				C4B6873D26312CA300EBFA47 /* Sources */,
				C4B6873E26312CA300EBFA47 /* Frameworks */,
				C4B6873F26312CA300EBFA47 /* Resources */,
			);
			buildRules = (
			);
			dependencies = (
			);
			name = pickerView;
			productName = pickerView;
			productReference = C4B6874126312CA300EBFA47 /* pickerView.app */;
			productType = "com.apple.product-type.application";
		};
		C4B6875F2631537100EBFA47 /* notification */ = {
			isa = PBXNativeTarget;
			buildConfigurationList = C4B687712631538A00EBFA47 /* Build configuration list for PBXNativeTarget "notification" */;
			buildPhases = (
				C4B6875C2631537100EBFA47 /* Sources */,
				C4B6875D2631537100EBFA47 /* Frameworks */,
				C4B6875E2631537100EBFA47 /* Resources */,
			);
			buildRules = (
			);
			dependencies = (
			);
			name = notification;
			productName = notification;
			productReference = C4B687602631537100EBFA47 /* notification.app */;
			productType = "com.apple.product-type.application";
		};
/* End PBXNativeTarget section */

/* Begin PBXProject section */
		C4B68691262FAF3D00EBFA47 /* Project object */ = {
			isa = PBXProject;
			attributes = {
				LastSwiftUpdateCheck = 1240;
				LastUpgradeCheck = 1240;
				TargetAttributes = {
					C4B68698262FAF3D00EBFA47 = {
						CreatedOnToolsVersion = 12.4;
					};
					C4B686B4262FD11800EBFA47 = {
						CreatedOnToolsVersion = 12.4;
					};
					C4B686CE2630162A00EBFA47 = {
						CreatedOnToolsVersion = 12.4;
					};
					C4B686E9263100CE00EBFA47 = {
						CreatedOnToolsVersion = 12.4;
					};
					C4B68705263111DD00EBFA47 = {
						CreatedOnToolsVersion = 12.4;
					};
					C4B6872226311F4E00EBFA47 = {
						CreatedOnToolsVersion = 12.4;
					};
					C4B6874026312CA300EBFA47 = {
						CreatedOnToolsVersion = 12.4;
					};
					C4B6875F2631537100EBFA47 = {
						CreatedOnToolsVersion = 12.4;
					};
				};
			};
			buildConfigurationList = C4B68694262FAF3D00EBFA47 /* Build configuration list for PBXProject "iOSProject" */;
			compatibilityVersion = "Xcode 9.3";
			developmentRegion = en;
			hasScannedForEncodings = 0;
			knownRegions = (
				en,
				Base,
			);
			mainGroup = C4B68690262FAF3D00EBFA47;
			productRefGroup = C4B6869A262FAF3D00EBFA47 /* Products */;
			projectDirPath = "";
			projectRoot = "";
			targets = (
				C4B68698262FAF3D00EBFA47 /* iOSProject */,
				C4B686B4262FD11800EBFA47 /* controltest */,
				C4B686CE2630162A00EBFA47 /* ImageViewAnimation */,
				C4B686E9263100CE00EBFA47 /* gesture */,
				C4B68705263111DD00EBFA47 /* scrollView */,
				C4B6872226311F4E00EBFA47 /* imageSwipe */,
				C4B6874026312CA300EBFA47 /* pickerView */,
				C4B6875F2631537100EBFA47 /* notification */,
			);
		};
/* End PBXProject section */

/* Begin PBXResourcesBuildPhase section */
		C4B68697262FAF3D00EBFA47 /* Resources */ = {
			isa = PBXResourcesBuildPhase;
			buildActionMask = 2147483647;
			files = (
				C4B686A9262FAF5D00EBFA47 /* LaunchScreen.storyboard in Resources */,
				C4B686A6262FAF5D00EBFA47 /* Assets.xcassets in Resources */,
				C4B686A4262FAF3D00EBFA47 /* Main.storyboard in Resources */,
			);
			runOnlyForDeploymentPostprocessing = 0;
		};
		C4B686B3262FD11800EBFA47 /* Resources */ = {
			isa = PBXResourcesBuildPhase;
			buildActionMask = 2147483647;
			files = (
				C4B686C4262FD12800EBFA47 /* LaunchScreen.storyboard in Resources */,
				C4B686C1262FD12800EBFA47 /* Assets.xcassets in Resources */,
				C4B686BF262FD11800EBFA47 /* Main.storyboard in Resources */,
			);
			runOnlyForDeploymentPostprocessing = 0;
		};
		C4B686CD2630162A00EBFA47 /* Resources */ = {
			isa = PBXResourcesBuildPhase;
			buildActionMask = 2147483647;
			files = (
				C4B686DE2630163000EBFA47 /* LaunchScreen.storyboard in Resources */,
				C4B686DB2630163000EBFA47 /* Assets.xcassets in Resources */,
				C4B686D92630162A00EBFA47 /* Main.storyboard in Resources */,
			);
			runOnlyForDeploymentPostprocessing = 0;
		};
		C4B686E8263100CE00EBFA47 /* Resources */ = {
			isa = PBXResourcesBuildPhase;
			buildActionMask = 2147483647;
			files = (
				C4B686F9263100EB00EBFA47 /* LaunchScreen.storyboard in Resources */,
				C4B686F6263100EB00EBFA47 /* Assets.xcassets in Resources */,
				C4B686F4263100CE00EBFA47 /* Main.storyboard in Resources */,
			);
			runOnlyForDeploymentPostprocessing = 0;
		};
		C4B68704263111DD00EBFA47 /* Resources */ = {
			isa = PBXResourcesBuildPhase;
			buildActionMask = 2147483647;
			files = (
				C4B68715263111F100EBFA47 /* LaunchScreen.storyboard in Resources */,
				C4B68712263111F100EBFA47 /* Assets.xcassets in Resources */,
				C4B68710263111DD00EBFA47 /* Main.storyboard in Resources */,
			);
			runOnlyForDeploymentPostprocessing = 0;
		};
		C4B6872126311F4E00EBFA47 /* Resources */ = {
			isa = PBXResourcesBuildPhase;
			buildActionMask = 2147483647;
			files = (
				C4B6873226311F5D00EBFA47 /* LaunchScreen.storyboard in Resources */,
				C4B6872F26311F5D00EBFA47 /* Assets.xcassets in Resources */,
				C4B6872D26311F4E00EBFA47 /* Main.storyboard in Resources */,
			);
			runOnlyForDeploymentPostprocessing = 0;
		};
		C4B6873F26312CA300EBFA47 /* Resources */ = {
			isa = PBXResourcesBuildPhase;
			buildActionMask = 2147483647;
			files = (
				C4B6875026312CBD00EBFA47 /* LaunchScreen.storyboard in Resources */,
				C4B6874D26312CBD00EBFA47 /* Assets.xcassets in Resources */,
				C4B6874B26312CA300EBFA47 /* Main.storyboard in Resources */,
			);
			runOnlyForDeploymentPostprocessing = 0;
		};
		C4B6875E2631537100EBFA47 /* Resources */ = {
			isa = PBXResourcesBuildPhase;
			buildActionMask = 2147483647;
			files = (
				C4B6876F2631538A00EBFA47 /* LaunchScreen.storyboard in Resources */,
				C4B6876C2631538A00EBFA47 /* Assets.xcassets in Resources */,
				C4B6876A2631537100EBFA47 /* Main.storyboard in Resources */,
			);
			runOnlyForDeploymentPostprocessing = 0;
		};
/* End PBXResourcesBuildPhase section */

/* Begin PBXSourcesBuildPhase section */
		C4B68695262FAF3D00EBFA47 /* Sources */ = {
			isa = PBXSourcesBuildPhase;
			buildActionMask = 2147483647;
			files = (
				C4B686A1262FAF3D00EBFA47 /* ViewController.swift in Sources */,
				C4B6869D262FAF3D00EBFA47 /* AppDelegate.swift in Sources */,
				C4B6869F262FAF3D00EBFA47 /* SceneDelegate.swift in Sources */,
			);
			runOnlyForDeploymentPostprocessing = 0;
		};
		C4B686B1262FD11800EBFA47 /* Sources */ = {
			isa = PBXSourcesBuildPhase;
			buildActionMask = 2147483647;
			files = (
				C4B686BC262FD11800EBFA47 /* ViewController.swift in Sources */,
				C4B686B8262FD11800EBFA47 /* AppDelegate.swift in Sources */,
				C4B686BA262FD11800EBFA47 /* SceneDelegate.swift in Sources */,
			);
			runOnlyForDeploymentPostprocessing = 0;
		};
		C4B686CB2630162A00EBFA47 /* Sources */ = {
			isa = PBXSourcesBuildPhase;
			buildActionMask = 2147483647;
			files = (
				C4B686D62630162A00EBFA47 /* ViewController.swift in Sources */,
				C4B686D22630162A00EBFA47 /* AppDelegate.swift in Sources */,
				C4B686D42630162A00EBFA47 /* SceneDelegate.swift in Sources */,
			);
			runOnlyForDeploymentPostprocessing = 0;
		};
		C4B686E6263100CE00EBFA47 /* Sources */ = {
			isa = PBXSourcesBuildPhase;
			buildActionMask = 2147483647;
			files = (
				C4B686F1263100CE00EBFA47 /* ViewController.swift in Sources */,
				C4B686ED263100CE00EBFA47 /* AppDelegate.swift in Sources */,
				C4B686EF263100CE00EBFA47 /* SceneDelegate.swift in Sources */,
			);
			runOnlyForDeploymentPostprocessing = 0;
		};
		C4B68702263111DD00EBFA47 /* Sources */ = {
			isa = PBXSourcesBuildPhase;
			buildActionMask = 2147483647;
			files = (
				C4B6870D263111DD00EBFA47 /* ViewController.swift in Sources */,
				C4B68709263111DD00EBFA47 /* AppDelegate.swift in Sources */,
				C4B6870B263111DD00EBFA47 /* SceneDelegate.swift in Sources */,
			);
			runOnlyForDeploymentPostprocessing = 0;
		};
		C4B6871F26311F4E00EBFA47 /* Sources */ = {
			isa = PBXSourcesBuildPhase;
			buildActionMask = 2147483647;
			files = (
				C4B6872A26311F4E00EBFA47 /* ViewController.swift in Sources */,
				C4B6872626311F4E00EBFA47 /* AppDelegate.swift in Sources */,
				C4B6872826311F4E00EBFA47 /* SceneDelegate.swift in Sources */,
			);
			runOnlyForDeploymentPostprocessing = 0;
		};
		C4B6873D26312CA300EBFA47 /* Sources */ = {
			isa = PBXSourcesBuildPhase;
			buildActionMask = 2147483647;
			files = (
				C4B6874826312CA300EBFA47 /* ViewController.swift in Sources */,
				C4B6874426312CA300EBFA47 /* AppDelegate.swift in Sources */,
				C4B6874626312CA300EBFA47 /* SceneDelegate.swift in Sources */,
			);
			runOnlyForDeploymentPostprocessing = 0;
		};
		C4B6875C2631537100EBFA47 /* Sources */ = {
			isa = PBXSourcesBuildPhase;
			buildActionMask = 2147483647;
			files = (
				C4B687672631537100EBFA47 /* ViewController.swift in Sources */,
				C4B687632631537100EBFA47 /* AppDelegate.swift in Sources */,
				C4B687652631537100EBFA47 /* SceneDelegate.swift in Sources */,
			);
			runOnlyForDeploymentPostprocessing = 0;
		};
/* End PBXSourcesBuildPhase section */

/* Begin PBXVariantGroup section */
		C4B686A2262FAF3D00EBFA47 /* Main.storyboard */ = {
			isa = PBXVariantGroup;
			children = (
				C4B686A3262FAF3D00EBFA47 /* Base */,
			);
			name = Main.storyboard;
			sourceTree = "<group>";
		};
		C4B686A7262FAF5D00EBFA47 /* LaunchScreen.storyboard */ = {
			isa = PBXVariantGroup;
			children = (
				C4B686A8262FAF5D00EBFA47 /* Base */,
			);
			name = LaunchScreen.storyboard;
			sourceTree = "<group>";
		};
		C4B686BD262FD11800EBFA47 /* Main.storyboard */ = {
			isa = PBXVariantGroup;
			children = (
				C4B686BE262FD11800EBFA47 /* Base */,
			);
			name = Main.storyboard;
			sourceTree = "<group>";
		};
		C4B686C2262FD12800EBFA47 /* LaunchScreen.storyboard */ = {
			isa = PBXVariantGroup;
			children = (
				C4B686C3262FD12800EBFA47 /* Base */,
			);
			name = LaunchScreen.storyboard;
			sourceTree = "<group>";
		};
		C4B686D72630162A00EBFA47 /* Main.storyboard */ = {
			isa = PBXVariantGroup;
			children = (
				C4B686D82630162A00EBFA47 /* Base */,
			);
			name = Main.storyboard;
			sourceTree = "<group>";
		};
		C4B686DC2630163000EBFA47 /* LaunchScreen.storyboard */ = {
			isa = PBXVariantGroup;
			children = (
				C4B686DD2630163000EBFA47 /* Base */,
			);
			name = LaunchScreen.storyboard;
			sourceTree = "<group>";
		};
		C4B686F2263100CE00EBFA47 /* Main.storyboard */ = {
			isa = PBXVariantGroup;
			children = (
				C4B686F3263100CE00EBFA47 /* Base */,
			);
			name = Main.storyboard;
			sourceTree = "<group>";
		};
		C4B686F7263100EB00EBFA47 /* LaunchScreen.storyboard */ = {
			isa = PBXVariantGroup;
			children = (
				C4B686F8263100EB00EBFA47 /* Base */,
			);
			name = LaunchScreen.storyboard;
			sourceTree = "<group>";
		};
		C4B6870E263111DD00EBFA47 /* Main.storyboard */ = {
			isa = PBXVariantGroup;
			children = (
				C4B6870F263111DD00EBFA47 /* Base */,
			);
			name = Main.storyboard;
			sourceTree = "<group>";
		};
		C4B68713263111F100EBFA47 /* LaunchScreen.storyboard */ = {
			isa = PBXVariantGroup;
			children = (
				C4B68714263111F100EBFA47 /* Base */,
			);
			name = LaunchScreen.storyboard;
			sourceTree = "<group>";
		};
		C4B6872B26311F4E00EBFA47 /* Main.storyboard */ = {
			isa = PBXVariantGroup;
			children = (
				C4B6872C26311F4E00EBFA47 /* Base */,
			);
			name = Main.storyboard;
			sourceTree = "<group>";
		};
		C4B6873026311F5D00EBFA47 /* LaunchScreen.storyboard */ = {
			isa = PBXVariantGroup;
			children = (
				C4B6873126311F5D00EBFA47 /* Base */,
			);
			name = LaunchScreen.storyboard;
			sourceTree = "<group>";
		};
		C4B6874926312CA300EBFA47 /* Main.storyboard */ = {
			isa = PBXVariantGroup;
			children = (
				C4B6874A26312CA300EBFA47 /* Base */,
			);
			name = Main.storyboard;
			sourceTree = "<group>";
		};
		C4B6874E26312CBD00EBFA47 /* LaunchScreen.storyboard */ = {
			isa = PBXVariantGroup;
			children = (
				C4B6874F26312CBD00EBFA47 /* Base */,
			);
			name = LaunchScreen.storyboard;
			sourceTree = "<group>";
		};
		C4B687682631537100EBFA47 /* Main.storyboard */ = {
			isa = PBXVariantGroup;
			children = (
				C4B687692631537100EBFA47 /* Base */,
			);
			name = Main.storyboard;
			sourceTree = "<group>";
		};
		C4B6876D2631538A00EBFA47 /* LaunchScreen.storyboard */ = {
			isa = PBXVariantGroup;
			children = (
				C4B6876E2631538A00EBFA47 /* Base */,
			);
			name = LaunchScreen.storyboard;
			sourceTree = "<group>";
		};
/* End PBXVariantGroup section */

/* Begin XCBuildConfiguration section */
		C4B686AB262FAF5D00EBFA47 /* Debug */ = {
			isa = XCBuildConfiguration;
			buildSettings = {
				ALWAYS_SEARCH_USER_PATHS = NO;
				CLANG_ANALYZER_NONNULL = YES;
				CLANG_ANALYZER_NUMBER_OBJECT_CONVERSION = YES_AGGRESSIVE;
				CLANG_CXX_LANGUAGE_STANDARD = "gnu++14";
				CLANG_CXX_LIBRARY = "libc++";
				CLANG_ENABLE_MODULES = YES;
				CLANG_ENABLE_OBJC_ARC = YES;
				CLANG_ENABLE_OBJC_WEAK = YES;
				CLANG_WARN_BLOCK_CAPTURE_AUTORELEASING = YES;
				CLANG_WARN_BOOL_CONVERSION = YES;
				CLANG_WARN_COMMA = YES;
				CLANG_WARN_CONSTANT_CONVERSION = YES;
				CLANG_WARN_DEPRECATED_OBJC_IMPLEMENTATIONS = YES;
				CLANG_WARN_DIRECT_OBJC_ISA_USAGE = YES_ERROR;
				CLANG_WARN_DOCUMENTATION_COMMENTS = YES;
				CLANG_WARN_EMPTY_BODY = YES;
				CLANG_WARN_ENUM_CONVERSION = YES;
				CLANG_WARN_INFINITE_RECURSION = YES;
				CLANG_WARN_INT_CONVERSION = YES;
				CLANG_WARN_NON_LITERAL_NULL_CONVERSION = YES;
				CLANG_WARN_OBJC_IMPLICIT_RETAIN_SELF = YES;
				CLANG_WARN_OBJC_LITERAL_CONVERSION = YES;
				CLANG_WARN_OBJC_ROOT_CLASS = YES_ERROR;
				CLANG_WARN_QUOTED_INCLUDE_IN_FRAMEWORK_HEADER = YES;
				CLANG_WARN_RANGE_LOOP_ANALYSIS = YES;
				CLANG_WARN_STRICT_PROTOTYPES = YES;
				CLANG_WARN_SUSPICIOUS_MOVE = YES;
				CLANG_WARN_UNGUARDED_AVAILABILITY = YES_AGGRESSIVE;
				CLANG_WARN_UNREACHABLE_CODE = YES;
				CLANG_WARN__DUPLICATE_METHOD_MATCH = YES;
				COPY_PHASE_STRIP = NO;
				DEBUG_INFORMATION_FORMAT = dwarf;
				ENABLE_STRICT_OBJC_MSGSEND = YES;
				ENABLE_TESTABILITY = YES;
				GCC_C_LANGUAGE_STANDARD = gnu11;
				GCC_DYNAMIC_NO_PIC = NO;
				GCC_NO_COMMON_BLOCKS = YES;
				GCC_OPTIMIZATION_LEVEL = 0;
				GCC_PREPROCESSOR_DEFINITIONS = (
					"DEBUG=1",
					"$(inherited)",
				);
				GCC_WARN_64_TO_32_BIT_CONVERSION = YES;
				GCC_WARN_ABOUT_RETURN_TYPE = YES_ERROR;
				GCC_WARN_UNDECLARED_SELECTOR = YES;
				GCC_WARN_UNINITIALIZED_AUTOS = YES_AGGRESSIVE;
				GCC_WARN_UNUSED_FUNCTION = YES;
				GCC_WARN_UNUSED_VARIABLE = YES;
				IPHONEOS_DEPLOYMENT_TARGET = 14.4;
				MTL_ENABLE_DEBUG_INFO = INCLUDE_SOURCE;
				MTL_FAST_MATH = YES;
				ONLY_ACTIVE_ARCH = YES;
				SDKROOT = iphoneos;
				SWIFT_ACTIVE_COMPILATION_CONDITIONS = DEBUG;
				SWIFT_OPTIMIZATION_LEVEL = "-Onone";
			};
			name = Debug;
		};
		C4B686AC262FAF5D00EBFA47 /* Release */ = {
			isa = XCBuildConfiguration;
			buildSettings = {
				ALWAYS_SEARCH_USER_PATHS = NO;
				CLANG_ANALYZER_NONNULL = YES;
				CLANG_ANALYZER_NUMBER_OBJECT_CONVERSION = YES_AGGRESSIVE;
				CLANG_CXX_LANGUAGE_STANDARD = "gnu++14";
				CLANG_CXX_LIBRARY = "libc++";
				CLANG_ENABLE_MODULES = YES;
				CLANG_ENABLE_OBJC_ARC = YES;
				CLANG_ENABLE_OBJC_WEAK = YES;
				CLANG_WARN_BLOCK_CAPTURE_AUTORELEASING = YES;
				CLANG_WARN_BOOL_CONVERSION = YES;
				CLANG_WARN_COMMA = YES;
				CLANG_WARN_CONSTANT_CONVERSION = YES;
				CLANG_WARN_DEPRECATED_OBJC_IMPLEMENTATIONS = YES;
				CLANG_WARN_DIRECT_OBJC_ISA_USAGE = YES_ERROR;
				CLANG_WARN_DOCUMENTATION_COMMENTS = YES;
				CLANG_WARN_EMPTY_BODY = YES;
				CLANG_WARN_ENUM_CONVERSION = YES;
				CLANG_WARN_INFINITE_RECURSION = YES;
				CLANG_WARN_INT_CONVERSION = YES;
				CLANG_WARN_NON_LITERAL_NULL_CONVERSION = YES;
				CLANG_WARN_OBJC_IMPLICIT_RETAIN_SELF = YES;
				CLANG_WARN_OBJC_LITERAL_CONVERSION = YES;
				CLANG_WARN_OBJC_ROOT_CLASS = YES_ERROR;
				CLANG_WARN_QUOTED_INCLUDE_IN_FRAMEWORK_HEADER = YES;
				CLANG_WARN_RANGE_LOOP_ANALYSIS = YES;
				CLANG_WARN_STRICT_PROTOTYPES = YES;
				CLANG_WARN_SUSPICIOUS_MOVE = YES;
				CLANG_WARN_UNGUARDED_AVAILABILITY = YES_AGGRESSIVE;
				CLANG_WARN_UNREACHABLE_CODE = YES;
				CLANG_WARN__DUPLICATE_METHOD_MATCH = YES;
				COPY_PHASE_STRIP = NO;
				DEBUG_INFORMATION_FORMAT = "dwarf-with-dsym";
				ENABLE_NS_ASSERTIONS = NO;
				ENABLE_STRICT_OBJC_MSGSEND = YES;
				GCC_C_LANGUAGE_STANDARD = gnu11;
				GCC_NO_COMMON_BLOCKS = YES;
				GCC_WARN_64_TO_32_BIT_CONVERSION = YES;
				GCC_WARN_ABOUT_RETURN_TYPE = YES_ERROR;
				GCC_WARN_UNDECLARED_SELECTOR = YES;
				GCC_WARN_UNINITIALIZED_AUTOS = YES_AGGRESSIVE;
				GCC_WARN_UNUSED_FUNCTION = YES;
				GCC_WARN_UNUSED_VARIABLE = YES;
				IPHONEOS_DEPLOYMENT_TARGET = 14.4;
				MTL_ENABLE_DEBUG_INFO = NO;
				MTL_FAST_MATH = YES;
				SDKROOT = iphoneos;
				SWIFT_COMPILATION_MODE = wholemodule;
				SWIFT_OPTIMIZATION_LEVEL = "-O";
				VALIDATE_PRODUCT = YES;
			};
			name = Release;
		};
		C4B686AE262FAF5D00EBFA47 /* Debug */ = {
			isa = XCBuildConfiguration;
			buildSettings = {
				ASSETCATALOG_COMPILER_APPICON_NAME = AppIcon;
				ASSETCATALOG_COMPILER_GLOBAL_ACCENT_COLOR_NAME = AccentColor;
				CODE_SIGN_STYLE = Automatic;
				INFOPLIST_FILE = iOSProject/Info.plist;
				LD_RUNPATH_SEARCH_PATHS = (
					"$(inherited)",
					"@executable_path/Frameworks",
				);
				PRODUCT_BUNDLE_IDENTIFIER = gmail.taehuikim0430.iOSProject;
				PRODUCT_NAME = "$(TARGET_NAME)";
				SWIFT_VERSION = 5.0;
				TARGETED_DEVICE_FAMILY = "1,2";
			};
			name = Debug;
		};
		C4B686AF262FAF5D00EBFA47 /* Release */ = {
			isa = XCBuildConfiguration;
			buildSettings = {
				ASSETCATALOG_COMPILER_APPICON_NAME = AppIcon;
				ASSETCATALOG_COMPILER_GLOBAL_ACCENT_COLOR_NAME = AccentColor;
				CODE_SIGN_STYLE = Automatic;
				INFOPLIST_FILE = iOSProject/Info.plist;
				LD_RUNPATH_SEARCH_PATHS = (
					"$(inherited)",
					"@executable_path/Frameworks",
				);
				PRODUCT_BUNDLE_IDENTIFIER = gmail.taehuikim0430.iOSProject;
				PRODUCT_NAME = "$(TARGET_NAME)";
				SWIFT_VERSION = 5.0;
				TARGETED_DEVICE_FAMILY = "1,2";
			};
			name = Release;
		};
		C4B686C7262FD12900EBFA47 /* Debug */ = {
			isa = XCBuildConfiguration;
			buildSettings = {
				ASSETCATALOG_COMPILER_APPICON_NAME = AppIcon;
				ASSETCATALOG_COMPILER_GLOBAL_ACCENT_COLOR_NAME = AccentColor;
				CODE_SIGN_STYLE = Automatic;
				INFOPLIST_FILE = controltest/Info.plist;
				LD_RUNPATH_SEARCH_PATHS = (
					"$(inherited)",
					"@executable_path/Frameworks",
				);
				PRODUCT_BUNDLE_IDENTIFIER = gmail.taehuikim0430.controltest;
				PRODUCT_NAME = "$(TARGET_NAME)";
				SWIFT_VERSION = 5.0;
				TARGETED_DEVICE_FAMILY = "1,2";
			};
			name = Debug;
		};
		C4B686C8262FD12900EBFA47 /* Release */ = {
			isa = XCBuildConfiguration;
			buildSettings = {
				ASSETCATALOG_COMPILER_APPICON_NAME = AppIcon;
				ASSETCATALOG_COMPILER_GLOBAL_ACCENT_COLOR_NAME = AccentColor;
				CODE_SIGN_STYLE = Automatic;
				INFOPLIST_FILE = controltest/Info.plist;
				LD_RUNPATH_SEARCH_PATHS = (
					"$(inherited)",
					"@executable_path/Frameworks",
				);
				PRODUCT_BUNDLE_IDENTIFIER = gmail.taehuikim0430.controltest;
				PRODUCT_NAME = "$(TARGET_NAME)";
				SWIFT_VERSION = 5.0;
				TARGETED_DEVICE_FAMILY = "1,2";
			};
			name = Release;
		};
		C4B686E12630163000EBFA47 /* Debug */ = {
			isa = XCBuildConfiguration;
			buildSettings = {
				ASSETCATALOG_COMPILER_APPICON_NAME = AppIcon;
				ASSETCATALOG_COMPILER_GLOBAL_ACCENT_COLOR_NAME = AccentColor;
				CODE_SIGN_STYLE = Automatic;
				INFOPLIST_FILE = ImageViewAnimation/Info.plist;
				LD_RUNPATH_SEARCH_PATHS = (
					"$(inherited)",
					"@executable_path/Frameworks",
				);
				PRODUCT_BUNDLE_IDENTIFIER = gmail.taehuikim0430.ImageViewAnimation;
				PRODUCT_NAME = "$(TARGET_NAME)";
				SWIFT_VERSION = 5.0;
				TARGETED_DEVICE_FAMILY = "1,2";
			};
			name = Debug;
		};
		C4B686E22630163000EBFA47 /* Release */ = {
			isa = XCBuildConfiguration;
			buildSettings = {
				ASSETCATALOG_COMPILER_APPICON_NAME = AppIcon;
				ASSETCATALOG_COMPILER_GLOBAL_ACCENT_COLOR_NAME = AccentColor;
				CODE_SIGN_STYLE = Automatic;
				INFOPLIST_FILE = ImageViewAnimation/Info.plist;
				LD_RUNPATH_SEARCH_PATHS = (
					"$(inherited)",
					"@executable_path/Frameworks",
				);
				PRODUCT_BUNDLE_IDENTIFIER = gmail.taehuikim0430.ImageViewAnimation;
				PRODUCT_NAME = "$(TARGET_NAME)";
				SWIFT_VERSION = 5.0;
				TARGETED_DEVICE_FAMILY = "1,2";
			};
			name = Release;
		};
		C4B686FC263100EB00EBFA47 /* Debug */ = {
			isa = XCBuildConfiguration;
			buildSettings = {
				ASSETCATALOG_COMPILER_APPICON_NAME = AppIcon;
				ASSETCATALOG_COMPILER_GLOBAL_ACCENT_COLOR_NAME = AccentColor;
				CODE_SIGN_STYLE = Automatic;
				INFOPLIST_FILE = gesture/Info.plist;
				LD_RUNPATH_SEARCH_PATHS = (
					"$(inherited)",
					"@executable_path/Frameworks",
				);
				PRODUCT_BUNDLE_IDENTIFIER = gmail.taehuikim0430.gesture;
				PRODUCT_NAME = "$(TARGET_NAME)";
				SWIFT_VERSION = 5.0;
				TARGETED_DEVICE_FAMILY = "1,2";
			};
			name = Debug;
		};
		C4B686FD263100EB00EBFA47 /* Release */ = {
			isa = XCBuildConfiguration;
			buildSettings = {
				ASSETCATALOG_COMPILER_APPICON_NAME = AppIcon;
				ASSETCATALOG_COMPILER_GLOBAL_ACCENT_COLOR_NAME = AccentColor;
				CODE_SIGN_STYLE = Automatic;
				INFOPLIST_FILE = gesture/Info.plist;
				LD_RUNPATH_SEARCH_PATHS = (
					"$(inherited)",
					"@executable_path/Frameworks",
				);
				PRODUCT_BUNDLE_IDENTIFIER = gmail.taehuikim0430.gesture;
				PRODUCT_NAME = "$(TARGET_NAME)";
				SWIFT_VERSION = 5.0;
				TARGETED_DEVICE_FAMILY = "1,2";
			};
			name = Release;
		};
		C4B68718263111F100EBFA47 /* Debug */ = {
			isa = XCBuildConfiguration;
			buildSettings = {
				ASSETCATALOG_COMPILER_APPICON_NAME = AppIcon;
				ASSETCATALOG_COMPILER_GLOBAL_ACCENT_COLOR_NAME = AccentColor;
				CODE_SIGN_STYLE = Automatic;
				INFOPLIST_FILE = scrollView/Info.plist;
				LD_RUNPATH_SEARCH_PATHS = (
					"$(inherited)",
					"@executable_path/Frameworks",
				);
				PRODUCT_BUNDLE_IDENTIFIER = gmail.taehuikim0430.scrollView;
				PRODUCT_NAME = "$(TARGET_NAME)";
				SWIFT_VERSION = 5.0;
				TARGETED_DEVICE_FAMILY = "1,2";
			};
			name = Debug;
		};
		C4B68719263111F100EBFA47 /* Release */ = {
			isa = XCBuildConfiguration;
			buildSettings = {
				ASSETCATALOG_COMPILER_APPICON_NAME = AppIcon;
				ASSETCATALOG_COMPILER_GLOBAL_ACCENT_COLOR_NAME = AccentColor;
				CODE_SIGN_STYLE = Automatic;
				INFOPLIST_FILE = scrollView/Info.plist;
				LD_RUNPATH_SEARCH_PATHS = (
					"$(inherited)",
					"@executable_path/Frameworks",
				);
				PRODUCT_BUNDLE_IDENTIFIER = gmail.taehuikim0430.scrollView;
				PRODUCT_NAME = "$(TARGET_NAME)";
				SWIFT_VERSION = 5.0;
				TARGETED_DEVICE_FAMILY = "1,2";
			};
			name = Release;
		};
		C4B6873526311F5D00EBFA47 /* Debug */ = {
			isa = XCBuildConfiguration;
			buildSettings = {
				ASSETCATALOG_COMPILER_APPICON_NAME = AppIcon;
				ASSETCATALOG_COMPILER_GLOBAL_ACCENT_COLOR_NAME = AccentColor;
				CODE_SIGN_STYLE = Automatic;
				INFOPLIST_FILE = imageSwipe/Info.plist;
				LD_RUNPATH_SEARCH_PATHS = (
					"$(inherited)",
					"@executable_path/Frameworks",
				);
				PRODUCT_BUNDLE_IDENTIFIER = gmail.taehuikim0430.imageSwipe;
				PRODUCT_NAME = "$(TARGET_NAME)";
				SWIFT_VERSION = 5.0;
				TARGETED_DEVICE_FAMILY = "1,2";
			};
			name = Debug;
		};
		C4B6873626311F5D00EBFA47 /* Release */ = {
			isa = XCBuildConfiguration;
			buildSettings = {
				ASSETCATALOG_COMPILER_APPICON_NAME = AppIcon;
				ASSETCATALOG_COMPILER_GLOBAL_ACCENT_COLOR_NAME = AccentColor;
				CODE_SIGN_STYLE = Automatic;
				INFOPLIST_FILE = imageSwipe/Info.plist;
				LD_RUNPATH_SEARCH_PATHS = (
					"$(inherited)",
					"@executable_path/Frameworks",
				);
				PRODUCT_BUNDLE_IDENTIFIER = gmail.taehuikim0430.imageSwipe;
				PRODUCT_NAME = "$(TARGET_NAME)";
				SWIFT_VERSION = 5.0;
				TARGETED_DEVICE_FAMILY = "1,2";
			};
			name = Release;
		};
		C4B6875326312CBD00EBFA47 /* Debug */ = {
			isa = XCBuildConfiguration;
			buildSettings = {
				ASSETCATALOG_COMPILER_APPICON_NAME = AppIcon;
				ASSETCATALOG_COMPILER_GLOBAL_ACCENT_COLOR_NAME = AccentColor;
				CODE_SIGN_STYLE = Automatic;
				INFOPLIST_FILE = pickerView/Info.plist;
				LD_RUNPATH_SEARCH_PATHS = (
					"$(inherited)",
					"@executable_path/Frameworks",
				);
				PRODUCT_BUNDLE_IDENTIFIER = gmail.taehuikim0430.pickerView;
				PRODUCT_NAME = "$(TARGET_NAME)";
				SWIFT_VERSION = 5.0;
				TARGETED_DEVICE_FAMILY = "1,2";
			};
			name = Debug;
		};
		C4B6875426312CBD00EBFA47 /* Release */ = {
			isa = XCBuildConfiguration;
			buildSettings = {
				ASSETCATALOG_COMPILER_APPICON_NAME = AppIcon;
				ASSETCATALOG_COMPILER_GLOBAL_ACCENT_COLOR_NAME = AccentColor;
				CODE_SIGN_STYLE = Automatic;
				INFOPLIST_FILE = pickerView/Info.plist;
				LD_RUNPATH_SEARCH_PATHS = (
					"$(inherited)",
					"@executable_path/Frameworks",
				);
				PRODUCT_BUNDLE_IDENTIFIER = gmail.taehuikim0430.pickerView;
				PRODUCT_NAME = "$(TARGET_NAME)";
				SWIFT_VERSION = 5.0;
				TARGETED_DEVICE_FAMILY = "1,2";
			};
			name = Release;
		};
		C4B687722631538A00EBFA47 /* Debug */ = {
			isa = XCBuildConfiguration;
			buildSettings = {
				ASSETCATALOG_COMPILER_APPICON_NAME = AppIcon;
				ASSETCATALOG_COMPILER_GLOBAL_ACCENT_COLOR_NAME = AccentColor;
				CODE_SIGN_STYLE = Automatic;
				INFOPLIST_FILE = notification/Info.plist;
				LD_RUNPATH_SEARCH_PATHS = (
					"$(inherited)",
					"@executable_path/Frameworks",
				);
				PRODUCT_BUNDLE_IDENTIFIER = gmail.taehuikim0430.notification;
				PRODUCT_NAME = "$(TARGET_NAME)";
				SWIFT_VERSION = 5.0;
				TARGETED_DEVICE_FAMILY = "1,2";
			};
			name = Debug;
		};
		C4B687732631538A00EBFA47 /* Release */ = {
			isa = XCBuildConfiguration;
			buildSettings = {
				ASSETCATALOG_COMPILER_APPICON_NAME = AppIcon;
				ASSETCATALOG_COMPILER_GLOBAL_ACCENT_COLOR_NAME = AccentColor;
				CODE_SIGN_STYLE = Automatic;
				INFOPLIST_FILE = notification/Info.plist;
				LD_RUNPATH_SEARCH_PATHS = (
					"$(inherited)",
					"@executable_path/Frameworks",
				);
				PRODUCT_BUNDLE_IDENTIFIER = gmail.taehuikim0430.notification;
				PRODUCT_NAME = "$(TARGET_NAME)";
				SWIFT_VERSION = 5.0;
				TARGETED_DEVICE_FAMILY = "1,2";
			};
			name = Release;
		};
/* End XCBuildConfiguration section */

/* Begin XCConfigurationList section */
		C4B68694262FAF3D00EBFA47 /* Build configuration list for PBXProject "iOSProject" */ = {
			isa = XCConfigurationList;
			buildConfigurations = (
				C4B686AB262FAF5D00EBFA47 /* Debug */,
				C4B686AC262FAF5D00EBFA47 /* Release */,
			);
			defaultConfigurationIsVisible = 0;
			defaultConfigurationName = Release;
		};
		C4B686AD262FAF5D00EBFA47 /* Build configuration list for PBXNativeTarget "iOSProject" */ = {
			isa = XCConfigurationList;
			buildConfigurations = (
				C4B686AE262FAF5D00EBFA47 /* Debug */,
				C4B686AF262FAF5D00EBFA47 /* Release */,
			);
			defaultConfigurationIsVisible = 0;
			defaultConfigurationName = Release;
		};
		C4B686C6262FD12900EBFA47 /* Build configuration list for PBXNativeTarget "controltest" */ = {
			isa = XCConfigurationList;
			buildConfigurations = (
				C4B686C7262FD12900EBFA47 /* Debug */,
				C4B686C8262FD12900EBFA47 /* Release */,
			);
			defaultConfigurationIsVisible = 0;
			defaultConfigurationName = Release;
		};
		C4B686E02630163000EBFA47 /* Build configuration list for PBXNativeTarget "ImageViewAnimation" */ = {
			isa = XCConfigurationList;
			buildConfigurations = (
				C4B686E12630163000EBFA47 /* Debug */,
				C4B686E22630163000EBFA47 /* Release */,
			);
			defaultConfigurationIsVisible = 0;
			defaultConfigurationName = Release;
		};
		C4B686FB263100EB00EBFA47 /* Build configuration list for PBXNativeTarget "gesture" */ = {
			isa = XCConfigurationList;
			buildConfigurations = (
				C4B686FC263100EB00EBFA47 /* Debug */,
				C4B686FD263100EB00EBFA47 /* Release */,
			);
			defaultConfigurationIsVisible = 0;
			defaultConfigurationName = Release;
		};
		C4B68717263111F100EBFA47 /* Build configuration list for PBXNativeTarget "scrollView" */ = {
			isa = XCConfigurationList;
			buildConfigurations = (
				C4B68718263111F100EBFA47 /* Debug */,
				C4B68719263111F100EBFA47 /* Release */,
			);
			defaultConfigurationIsVisible = 0;
			defaultConfigurationName = Release;
		};
		C4B6873426311F5D00EBFA47 /* Build configuration list for PBXNativeTarget "imageSwipe" */ = {
			isa = XCConfigurationList;
			buildConfigurations = (
				C4B6873526311F5D00EBFA47 /* Debug */,
				C4B6873626311F5D00EBFA47 /* Release */,
			);
			defaultConfigurationIsVisible = 0;
			defaultConfigurationName = Release;
		};
		C4B6875226312CBD00EBFA47 /* Build configuration list for PBXNativeTarget "pickerView" */ = {
			isa = XCConfigurationList;
			buildConfigurations = (
				C4B6875326312CBD00EBFA47 /* Debug */,
				C4B6875426312CBD00EBFA47 /* Release */,
			);
			defaultConfigurationIsVisible = 0;
			defaultConfigurationName = Release;
		};
		C4B687712631538A00EBFA47 /* Build configuration list for PBXNativeTarget "notification" */ = {
			isa = XCConfigurationList;
			buildConfigurations = (
				C4B687722631538A00EBFA47 /* Debug */,
				C4B687732631538A00EBFA47 /* Release */,
			);
			defaultConfigurationIsVisible = 0;
			defaultConfigurationName = Release;
		};
/* End XCConfigurationList section */
	};
	rootObject = C4B68691262FAF3D00EBFA47 /* Project object */;
}
